
Microsoft Visual Studio Solution File, Format Version 12.00
# Visual Studio Version 17
VisualStudioVersion = 17.0.31919.166
MinimumVisualStudioVersion = 10.0.40219.1
Project("{9A19103F-16F7-4668-BE54-9A1E7A4F7556}") = "WebAppFcc.Server", "WebAppFcc\Server\WebAppFcc.Server.csproj", "{6436BA4E-87B8-4DF9-8748-0E9A27DF082C}"
EndProject
Project("{9A19103F-16F7-4668-BE54-9A1E7A4F7556}") = "WebAppFcc.Client", "WebAppFcc\Client\WebAppFcc.Client.csproj", "{0DC93E20-ADD7-402E-A238-2DBDB82BB566}"
EndProject
Project("{9A19103F-16F7-4668-BE54-9A1E7A4F7556}") = "WebAppFcc.Shared", "WebAppFcc\Shared\WebAppFcc.Shared.csproj", "{AB017380-6D0D-41A5-BE00-1DD5493ED1D9}"
EndProject
Project("{9A19103F-16F7-4668-BE54-9A1E7A4F7556}") = "WebAppFcc.Data", "WebAppFcc\Data\WebAppFcc.Data.csproj", "{3EC63AC7-5201-4622-8A09-C9D193CF91B8}"
EndProject
Project("{9A19103F-16F7-4668-BE54-9A1E7A4F7556}") = "WebAppFcc.Repository", "WebAppFcc\Repository\WebAppFcc.Repository.csproj", "{AAC2CD08-00FD-4EE4-B3A3-00BEC44B2D46}"
EndProject
Project("{9A19103F-16F7-4668-BE54-9A1E7A4F7556}") = "WebAppFcc.Resource", "WebAppFcc\Resource\WebAppFcc.Resource.csproj", "{5B26DE50-475A-4FD0-9DF8-28EBAB606FBB}"
EndProject
Project("{FAE04EC0-301F-11D3-BF4B-00C04F79EFBC}") = "WAFcc", "WAFcc\WAFcc.csproj", "{7E189679-E837-456D-8C37-2405CF9288AA}"
EndProject
Global
	GlobalSection(SolutionConfigurationPlatforms) = preSolution
		Debug|Any CPU = Debug|Any CPU
		Release|Any CPU = Release|Any CPU
	EndGlobalSection
	GlobalSection(ProjectConfigurationPlatforms) = postSolution
		{6436BA4E-87B8-4DF9-8748-0E9A27DF082C}.Debug|Any CPU.ActiveCfg = Debug|Any CPU
		{6436BA4E-87B8-4DF9-8748-0E9A27DF082C}.Debug|Any CPU.Build.0 = Debug|Any CPU
		{6436BA4E-87B8-4DF9-8748-0E9A27DF082C}.Release|Any CPU.ActiveCfg = Release|Any CPU
		{6436BA4E-87B8-4DF9-8748-0E9A27DF082C}.Release|Any CPU.Build.0 = Release|Any CPU
		{0DC93E20-ADD7-402E-A238-2DBDB82BB566}.Debug|Any CPU.ActiveCfg = Debug|Any CPU
		{0DC93E20-ADD7-402E-A238-2DBDB82BB566}.Debug|Any CPU.Build.0 = Debug|Any CPU
		{0DC93E20-ADD7-402E-A238-2DBDB82BB566}.Release|Any CPU.ActiveCfg = Release|Any CPU
		{0DC93E20-ADD7-402E-A238-2DBDB82BB566}.Release|Any CPU.Build.0 = Release|Any CPU
		{AB017380-6D0D-41A5-BE00-1DD5493ED1D9}.Debug|Any CPU.ActiveCfg = Debug|Any CPU
		{AB017380-6D0D-41A5-BE00-1DD5493ED1D9}.Debug|Any CPU.Build.0 = Debug|Any CPU
		{AB017380-6D0D-41A5-BE00-1DD5493ED1D9}.Release|Any CPU.ActiveCfg = Release|Any CPU
		{AB017380-6D0D-41A5-BE00-1DD5493ED1D9}.Release|Any CPU.Build.0 = Release|Any CPU
		{3EC63AC7-5201-4622-8A09-C9D193CF91B8}.Debug|Any CPU.ActiveCfg = Debug|Any CPU
		{3EC63AC7-5201-4622-8A09-C9D193CF91B8}.Debug|Any CPU.Build.0 = Debug|Any CPU
		{3EC63AC7-5201-4622-8A09-C9D193CF91B8}.Release|Any CPU.ActiveCfg = Release|Any CPU
		{3EC63AC7-5201-4622-8A09-C9D193CF91B8}.Release|Any CPU.Build.0 = Release|Any CPU
		{AAC2CD08-00FD-4EE4-B3A3-00BEC44B2D46}.Debug|Any CPU.ActiveCfg = Debug|Any CPU
		{AAC2CD08-00FD-4EE4-B3A3-00BEC44B2D46}.Debug|Any CPU.Build.0 = Debug|Any CPU
		{AAC2CD08-00FD-4EE4-B3A3-00BEC44B2D46}.Release|Any CPU.ActiveCfg = Release|Any CPU
		{AAC2CD08-00FD-4EE4-B3A3-00BEC44B2D46}.Release|Any CPU.Build.0 = Release|Any CPU
		{5B26DE50-475A-4FD0-9DF8-28EBAB606FBB}.Debug|Any CPU.ActiveCfg = Debug|Any CPU
		{5B26DE50-475A-4FD0-9DF8-28EBAB606FBB}.Debug|Any CPU.Build.0 = Debug|Any CPU
		{5B26DE50-475A-4FD0-9DF8-28EBAB606FBB}.Release|Any CPU.ActiveCfg = Release|Any CPU
		{5B26DE50-475A-4FD0-9DF8-28EBAB606FBB}.Release|Any CPU.Build.0 = Release|Any CPU
		{7E189679-E837-456D-8C37-2405CF9288AA}.Debug|Any CPU.ActiveCfg = Debug|Any CPU
		{7E189679-E837-456D-8C37-2405CF9288AA}.Debug|Any CPU.Build.0 = Debug|Any CPU
		{7E189679-E837-456D-8C37-2405CF9288AA}.Release|Any CPU.ActiveCfg = Release|Any CPU
		{7E189679-E837-456D-8C37-2405CF9288AA}.Release|Any CPU.Build.0 = Release|Any CPU
	EndGlobalSection
	GlobalSection(SolutionProperties) = preSolution
		HideSolutionNode = FALSE
	EndGlobalSection
	GlobalSection(ExtensibilityGlobals) = postSolution
		SolutionGuid = {8C957039-1E2A-4584-BB52-0001897F2AAA}
	EndGlobalSection
EndGlobal
